Microsoft Visual Studio Solution File, Format Version 12.00
# Visual Studio Version 17
VisualStudioVersion = 17.5.2.0
MinimumVisualStudioVersion = 10.0.40219.1
Project("{FAE04EC0-301F-11D3-BF4B-00C04F79EFBC}") = "Trelite.API", "Trelite.API\Trelite.API.csproj", "{FD8DD8DB-5C82-67E8-EF99-1A2A6DEDAAC0}"
EndProject
Project("{FAE04EC0-301F-11D3-BF4B-00C04F79EFBC}") = "Trelite.Business", "Trelite.Business\Trelite.Business.csproj", "{2DBA20B9-3884-4F99-81BE-C4DFFE58FDDA}"
EndProject
Project("{FAE04EC0-301F-11D3-BF4B-00C04F79EFBC}") = "Trelite.Data", "Trelite.Data\Trelite.Data.csproj", "{7DD2437E-C538-4D65-B2AF-49C5C0BFDA1A}"
EndProject
Global
	GlobalSection(SolutionConfigurationPlatforms) = preSolution
		Debug|Any CPU = Debug|Any CPU
		Release|Any CPU = Release|Any CPU
	EndGlobalSection
	GlobalSection(ProjectConfigurationPlatforms) = postSolution
		{FD8DD8DB-5C82-67E8-EF99-1A2A6DEDAAC0}.Debug|Any CPU.ActiveCfg = Debug|Any CPU
		{FD8DD8DB-5C82-67E8-EF99-1A2A6DEDAAC0}.Debug|Any CPU.Build.0 = Debug|Any CPU
		{FD8DD8DB-5C82-67E8-EF99-1A2A6DEDAAC0}.Release|Any CPU.ActiveCfg = Release|Any CPU
		{FD8DD8DB-5C82-67E8-EF99-1A2A6DEDAAC0}.Release|Any CPU.Build.0 = Release|Any CPU
		{2DBA20B9-3884-4F99-81BE-C4DFFE58FDDA}.Debug|Any CPU.ActiveCfg = Debug|Any CPU
		{2DBA20B9-3884-4F99-81BE-C4DFFE58FDDA}.Debug|Any CPU.Build.0 = Debug|Any CPU
		{2DBA20B9-3884-4F99-81BE-C4DFFE58FDDA}.Release|Any CPU.ActiveCfg = Release|Any CPU
		{2DBA20B9-3884-4F99-81BE-C4DFFE58FDDA}.Release|Any CPU.Build.0 = Release|Any CPU
		{7DD2437E-C538-4D65-B2AF-49C5C0BFDA1A}.Debug|Any CPU.ActiveCfg = Debug|Any CPU
		{7DD2437E-C538-4D65-B2AF-49C5C0BFDA1A}.Debug|Any CPU.Build.0 = Debug|Any CPU
		{7DD2437E-C538-4D65-B2AF-49C5C0BFDA1A}.Release|Any CPU.ActiveCfg = Release|Any CPU
		{7DD2437E-C538-4D65-B2AF-49C5C0BFDA1A}.Release|Any CPU.Build.0 = Release|Any CPU
	EndGlobalSection
	GlobalSection(SolutionProperties) = preSolution
		HideSolutionNode = FALSE
	EndGlobalSection
	GlobalSection(ExtensibilityGlobals) = postSolution
		SolutionGuid = {20AD3A83-16F6-4172-9709-11FA18946665}
	EndGlobalSection
EndGlobal
